
Microsoft Visual Studio Solution File, Format Version 12.00
# Visual Studio 14
VisualStudioVersion = 14.0.25420.1
MinimumVisualStudioVersion = 10.0.40219.1
Project("{FAE04EC0-301F-11D3-BF4B-00C04F79EFBC}") = "Whiskey.Droid", "Whiskey\Whiskey.Droid\Whiskey.Droid.csproj", "{FF63C885-E557-4DE1-9385-C1F1FF79DE51}"
EndProject
Project("{FAE04EC0-301F-11D3-BF4B-00C04F79EFBC}") = "Whiskey.iOS", "Whiskey\Whiskey.iOS\Whiskey.iOS.csproj", "{7B92B936-2528-4405-954F-A96B708C2BEF}"
EndProject
Project("{FAE04EC0-301F-11D3-BF4B-00C04F79EFBC}") = "Whiskey.UWP", "Whiskey\Whiskey.UWP\Whiskey.UWP.csproj", "{DF02CFC7-7476-4F92-AF40-063E276C63C9}"
EndProject
Project("{FAE04EC0-301F-11D3-BF4B-00C04F79EFBC}") = "Whiskey", "Whiskey\Whiskey\Whiskey.csproj", "{9A235503-EBD6-4110-9B62-D29BADF57FA0}"
EndProject
Project("{2150E333-8FDC-42A3-9474-1A3956D46DE8}") = "Solution Items", "Solution Items", "{7F63CBE7-8D20-44A6-94E2-EA1A6CC56718}"
	ProjectSection(SolutionItems) = preProject
		..\..\Users\mayur\Desktop\Logo.jpg = ..\..\Users\mayur\Desktop\Logo.jpg
		ReadMe.md = ReadMe.md
	EndProjectSection
EndProject
Global
	GlobalSection(SolutionConfigurationPlatforms) = preSolution
		Ad-Hoc|Any CPU = Ad-Hoc|Any CPU
		Ad-Hoc|ARM = Ad-Hoc|ARM
		Ad-Hoc|iPhone = Ad-Hoc|iPhone
		Ad-Hoc|iPhoneSimulator = Ad-Hoc|iPhoneSimulator
		Ad-Hoc|x64 = Ad-Hoc|x64
		Ad-Hoc|x86 = Ad-Hoc|x86
		AppStore|Any CPU = AppStore|Any CPU
		AppStore|ARM = AppStore|ARM
		AppStore|iPhone = AppStore|iPhone
		AppStore|iPhoneSimulator = AppStore|iPhoneSimulator
		AppStore|x64 = AppStore|x64
		AppStore|x86 = AppStore|x86
		Debug|Any CPU = Debug|Any CPU
		Debug|ARM = Debug|ARM
		Debug|iPhone = Debug|iPhone
		Debug|iPhoneSimulator = Debug|iPhoneSimulator
		Debug|x64 = Debug|x64
		Debug|x86 = Debug|x86
		Release|Any CPU = Release|Any CPU
		Release|ARM = Release|ARM
		Release|iPhone = Release|iPhone
		Release|iPhoneSimulator = Release|iPhoneSimulator
		Release|x64 = Release|x64
		Release|x86 = Release|x86
	EndGlobalSection
	GlobalSection(ProjectConfigurationPlatforms) = postSolution
		{FF63C885-E557-4DE1-9385-C1F1FF79DE51}.Ad-Hoc|Any CPU.ActiveCfg = Release|Any CPU
		{FF63C885-E557-4DE1-9385-C1F1FF79DE51}.Ad-Hoc|Any CPU.Build.0 = Release|Any CPU
		{FF63C885-E557-4DE1-9385-C1F1FF79DE51}.Ad-Hoc|Any CPU.Deploy.0 = Release|Any CPU
		{FF63C885-E557-4DE1-9385-C1F1FF79DE51}.Ad-Hoc|ARM.ActiveCfg = Release|Any CPU
		{FF63C885-E557-4DE1-9385-C1F1FF79DE51}.Ad-Hoc|ARM.Build.0 = Release|Any CPU
		{FF63C885-E557-4DE1-9385-C1F1FF79DE51}.Ad-Hoc|ARM.Deploy.0 = Release|Any CPU
		{FF63C885-E557-4DE1-9385-C1F1FF79DE51}.Ad-Hoc|iPhone.ActiveCfg = Release|Any CPU
		{FF63C885-E557-4DE1-9385-C1F1FF79DE51}.Ad-Hoc|iPhone.Build.0 = Release|Any CPU
		{FF63C885-E557-4DE1-9385-C1F1FF79DE51}.Ad-Hoc|iPhone.Deploy.0 = Release|Any CPU
		{FF63C885-E557-4DE1-9385-C1F1FF79DE51}.Ad-Hoc|iPhoneSimulator.ActiveCfg = Release|Any CPU
		{FF63C885-E557-4DE1-9385-C1F1FF79DE51}.Ad-Hoc|iPhoneSimulator.Build.0 = Release|Any CPU
		{FF63C885-E557-4DE1-9385-C1F1FF79DE51}.Ad-Hoc|iPhoneSimulator.Deploy.0 = Release|Any CPU
		{FF63C885-E557-4DE1-9385-C1F1FF79DE51}.Ad-Hoc|x64.ActiveCfg = Release|Any CPU
		{FF63C885-E557-4DE1-9385-C1F1FF79DE51}.Ad-Hoc|x64.Build.0 = Release|Any CPU
		{FF63C885-E557-4DE1-9385-C1F1FF79DE51}.Ad-Hoc|x64.Deploy.0 = Release|Any CPU
		{FF63C885-E557-4DE1-9385-C1F1FF79DE51}.Ad-Hoc|x86.ActiveCfg = Release|Any CPU
		{FF63C885-E557-4DE1-9385-C1F1FF79DE51}.Ad-Hoc|x86.Build.0 = Release|Any CPU
		{FF63C885-E557-4DE1-9385-C1F1FF79DE51}.Ad-Hoc|x86.Deploy.0 = Release|Any CPU
		{FF63C885-E557-4DE1-9385-C1F1FF79DE51}.AppStore|Any CPU.ActiveCfg = Release|Any CPU
		{FF63C885-E557-4DE1-9385-C1F1FF79DE51}.AppStore|Any CPU.Build.0 = Release|Any CPU
		{FF63C885-E557-4DE1-9385-C1F1FF79DE51}.AppStore|Any CPU.Deploy.0 = Release|Any CPU
		{FF63C885-E557-4DE1-9385-C1F1FF79DE51}.AppStore|ARM.ActiveCfg = Release|Any CPU
		{FF63C885-E557-4DE1-9385-C1F1FF79DE51}.AppStore|ARM.Build.0 = Release|Any CPU
		{FF63C885-E557-4DE1-9385-C1F1FF79DE51}.AppStore|ARM.Deploy.0 = Release|Any CPU
		{FF63C885-E557-4DE1-9385-C1F1FF79DE51}.AppStore|iPhone.ActiveCfg = Release|Any CPU
		{FF63C885-E557-4DE1-9385-C1F1FF79DE51}.AppStore|iPhone.Build.0 = Release|Any CPU
		{FF63C885-E557-4DE1-9385-C1F1FF79DE51}.AppStore|iPhone.Deploy.0 = Release|Any CPU
		{FF63C885-E557-4DE1-9385-C1F1FF79DE51}.AppStore|iPhoneSimulator.ActiveCfg = Release|Any CPU
		{FF63C885-E557-4DE1-9385-C1F1FF79DE51}.AppStore|iPhoneSimulator.Build.0 = Release|Any CPU
		{FF63C885-E557-4DE1-9385-C1F1FF79DE51}.AppStore|iPhoneSimulator.Deploy.0 = Release|Any CPU
		{FF63C885-E557-4DE1-9385-C1F1FF79DE51}.AppStore|x64.ActiveCfg = Release|Any CPU
		{FF63C885-E557-4DE1-9385-C1F1FF79DE51}.AppStore|x64.Build.0 = Release|Any CPU
		{FF63C885-E557-4DE1-9385-C1F1FF79DE51}.AppStore|x64.Deploy.0 = Release|Any CPU
		{FF63C885-E557-4DE1-9385-C1F1FF79DE51}.AppStore|x86.ActiveCfg = Release|Any CPU
		{FF63C885-E557-4DE1-9385-C1F1FF79DE51}.AppStore|x86.Build.0 = Release|Any CPU
		{FF63C885-E557-4DE1-9385-C1F1FF79DE51}.AppStore|x86.Deploy.0 = Release|Any CPU
		{FF63C885-E557-4DE1-9385-C1F1FF79DE51}.Debug|Any CPU.ActiveCfg = Debug|Any CPU
		{FF63C885-E557-4DE1-9385-C1F1FF79DE51}.Debug|Any CPU.Build.0 = Debug|Any CPU
		{FF63C885-E557-4DE1-9385-C1F1FF79DE51}.Debug|Any CPU.Deploy.0 = Debug|Any CPU
		{FF63C885-E557-4DE1-9385-C1F1FF79DE51}.Debug|ARM.ActiveCfg = Debug|Any CPU
		{FF63C885-E557-4DE1-9385-C1F1FF79DE51}.Debug|ARM.Build.0 = Debug|Any CPU
		{FF63C885-E557-4DE1-9385-C1F1FF79DE51}.Debug|ARM.Deploy.0 = Debug|Any CPU
		{FF63C885-E557-4DE1-9385-C1F1FF79DE51}.Debug|iPhone.ActiveCfg = Debug|Any CPU
		{FF63C885-E557-4DE1-9385-C1F1FF79DE51}.Debug|iPhone.Build.0 = Debug|Any CPU
		{FF63C885-E557-4DE1-9385-C1F1FF79DE51}.Debug|iPhone.Deploy.0 = Debug|Any CPU
		{FF63C885-E557-4DE1-9385-C1F1FF79DE51}.Debug|iPhoneSimulator.ActiveCfg = Debug|Any CPU
		{FF63C885-E557-4DE1-9385-C1F1FF79DE51}.Debug|iPhoneSimulator.Build.0 = Debug|Any CPU
		{FF63C885-E557-4DE1-9385-C1F1FF79DE51}.Debug|iPhoneSimulator.Deploy.0 = Debug|Any CPU
		{FF63C885-E557-4DE1-9385-C1F1FF79DE51}.Debug|x64.ActiveCfg = Debug|Any CPU
		{FF63C885-E557-4DE1-9385-C1F1FF79DE51}.Debug|x64.Build.0 = Debug|Any CPU
		{FF63C885-E557-4DE1-9385-C1F1FF79DE51}.Debug|x64.Deploy.0 = Debug|Any CPU
		{FF63C885-E557-4DE1-9385-C1F1FF79DE51}.Debug|x86.ActiveCfg = Debug|Any CPU
		{FF63C885-E557-4DE1-9385-C1F1FF79DE51}.Debug|x86.Build.0 = Debug|Any CPU
		{FF63C885-E557-4DE1-9385-C1F1FF79DE51}.Debug|x86.Deploy.0 = Debug|Any CPU
		{FF63C885-E557-4DE1-9385-C1F1FF79DE51}.Release|Any CPU.ActiveCfg = Release|Any CPU
		{FF63C885-E557-4DE1-9385-C1F1FF79DE51}.Release|Any CPU.Build.0 = Release|Any CPU
		{FF63C885-E557-4DE1-9385-C1F1FF79DE51}.Release|Any CPU.Deploy.0 = Release|Any CPU
		{FF63C885-E557-4DE1-9385-C1F1FF79DE51}.Release|ARM.ActiveCfg = Release|Any CPU
		{FF63C885-E557-4DE1-9385-C1F1FF79DE51}.Release|ARM.Build.0 = Release|Any CPU
		{FF63C885-E557-4DE1-9385-C1F1FF79DE51}.Release|ARM.Deploy.0 = Release|Any CPU
		{FF63C885-E557-4DE1-9385-C1F1FF79DE51}.Release|iPhone.ActiveCfg = Release|Any CPU
		{FF63C885-E557-4DE1-9385-C1F1FF79DE51}.Release|iPhone.Build.0 = Release|Any CPU
		{FF63C885-E557-4DE1-9385-C1F1FF79DE51}.Release|iPhone.Deploy.0 = Release|Any CPU
		{FF63C885-E557-4DE1-9385-C1F1FF79DE51}.Release|iPhoneSimulator.ActiveCfg = Release|Any CPU
		{FF63C885-E557-4DE1-9385-C1F1FF79DE51}.Release|iPhoneSimulator.Build.0 = Release|Any CPU
		{FF63C885-E557-4DE1-9385-C1F1FF79DE51}.Release|iPhoneSimulator.Deploy.0 = Release|Any CPU
		{FF63C885-E557-4DE1-9385-C1F1FF79DE51}.Release|x64.ActiveCfg = Release|Any CPU
		{FF63C885-E557-4DE1-9385-C1F1FF79DE51}.Release|x64.Build.0 = Release|Any CPU
		{FF63C885-E557-4DE1-9385-C1F1FF79DE51}.Release|x64.Deploy.0 = Release|Any CPU
		{FF63C885-E557-4DE1-9385-C1F1FF79DE51}.Release|x86.ActiveCfg = Release|Any CPU
		{FF63C885-E557-4DE1-9385-C1F1FF79DE51}.Release|x86.Build.0 = Release|Any CPU
		{FF63C885-E557-4DE1-9385-C1F1FF79DE51}.Release|x86.Deploy.0 = Release|Any CPU
		{7B92B936-2528-4405-954F-A96B708C2BEF}.Ad-Hoc|Any CPU.ActiveCfg = Ad-Hoc|iPhone
		{7B92B936-2528-4405-954F-A96B708C2BEF}.Ad-Hoc|ARM.ActiveCfg = Ad-Hoc|iPhone
		{7B92B936-2528-4405-954F-A96B708C2BEF}.Ad-Hoc|iPhone.ActiveCfg = Ad-Hoc|iPhone
		{7B92B936-2528-4405-954F-A96B708C2BEF}.Ad-Hoc|iPhone.Build.0 = Ad-Hoc|iPhone
		{7B92B936-2528-4405-954F-A96B708C2BEF}.Ad-Hoc|iPhoneSimulator.ActiveCfg = Ad-Hoc|iPhoneSimulator
		{7B92B936-2528-4405-954F-A96B708C2BEF}.Ad-Hoc|iPhoneSimulator.Build.0 = Ad-Hoc|iPhoneSimulator
		{7B92B936-2528-4405-954F-A96B708C2BEF}.Ad-Hoc|x64.ActiveCfg = Ad-Hoc|iPhone
		{7B92B936-2528-4405-954F-A96B708C2BEF}.Ad-Hoc|x86.ActiveCfg = Ad-Hoc|iPhone
		{7B92B936-2528-4405-954F-A96B708C2BEF}.AppStore|Any CPU.ActiveCfg = AppStore|iPhone
		{7B92B936-2528-4405-954F-A96B708C2BEF}.AppStore|ARM.ActiveCfg = AppStore|iPhone
		{7B92B936-2528-4405-954F-A96B708C2BEF}.AppStore|iPhone.ActiveCfg = AppStore|iPhone
		{7B92B936-2528-4405-954F-A96B708C2BEF}.AppStore|iPhone.Build.0 = AppStore|iPhone
		{7B92B936-2528-4405-954F-A96B708C2BEF}.AppStore|iPhoneSimulator.ActiveCfg = AppStore|iPhoneSimulator
		{7B92B936-2528-4405-954F-A96B708C2BEF}.AppStore|iPhoneSimulator.Build.0 = AppStore|iPhoneSimulator
		{7B92B936-2528-4405-954F-A96B708C2BEF}.AppStore|x64.ActiveCfg = AppStore|iPhone
		{7B92B936-2528-4405-954F-A96B708C2BEF}.AppStore|x86.ActiveCfg = AppStore|iPhone
		{7B92B936-2528-4405-954F-A96B708C2BEF}.Debug|Any CPU.ActiveCfg = Debug|iPhone
		{7B92B936-2528-4405-954F-A96B708C2BEF}.Debug|ARM.ActiveCfg = Debug|iPhone
		{7B92B936-2528-4405-954F-A96B708C2BEF}.Debug|iPhone.ActiveCfg = Debug|iPhone
		{7B92B936-2528-4405-954F-A96B708C2BEF}.Debug|iPhone.Build.0 = Debug|iPhone
		{7B92B936-2528-4405-954F-A96B708C2BEF}.Debug|iPhoneSimulator.ActiveCfg = Debug|iPhoneSimulator
		{7B92B936-2528-4405-954F-A96B708C2BEF}.Debug|iPhoneSimulator.Build.0 = Debug|iPhoneSimulator
		{7B92B936-2528-4405-954F-A96B708C2BEF}.Debug|x64.ActiveCfg = Debug|iPhone
		{7B92B936-2528-4405-954F-A96B708C2BEF}.Debug|x86.ActiveCfg = Debug|iPhone
		{7B92B936-2528-4405-954F-A96B708C2BEF}.Release|Any CPU.ActiveCfg = Release|iPhone
		{7B92B936-2528-4405-954F-A96B708C2BEF}.Release|ARM.ActiveCfg = Release|iPhone
		{7B92B936-2528-4405-954F-A96B708C2BEF}.Release|iPhone.ActiveCfg = Release|iPhone
		{7B92B936-2528-4405-954F-A96B708C2BEF}.Release|iPhone.Build.0 = Release|iPhone
		{7B92B936-2528-4405-954F-A96B708C2BEF}.Release|iPhoneSimulator.ActiveCfg = Release|iPhoneSimulator
		{7B92B936-2528-4405-954F-A96B708C2BEF}.Release|iPhoneSimulator.Build.0 = Release|iPhoneSimulator
		{7B92B936-2528-4405-954F-A96B708C2BEF}.Release|x64.ActiveCfg = Release|iPhone
		{7B92B936-2528-4405-954F-A96B708C2BEF}.Release|x86.ActiveCfg = Release|iPhone
		{DF02CFC7-7476-4F92-AF40-063E276C63C9}.Ad-Hoc|Any CPU.ActiveCfg = Release|x86
		{DF02CFC7-7476-4F92-AF40-063E276C63C9}.Ad-Hoc|Any CPU.Build.0 = Release|x86
		{DF02CFC7-7476-4F92-AF40-063E276C63C9}.Ad-Hoc|Any CPU.Deploy.0 = Release|x86
		{DF02CFC7-7476-4F92-AF40-063E276C63C9}.Ad-Hoc|ARM.ActiveCfg = Release|ARM
		{DF02CFC7-7476-4F92-AF40-063E276C63C9}.Ad-Hoc|ARM.Build.0 = Release|ARM
		{DF02CFC7-7476-4F92-AF40-063E276C63C9}.Ad-Hoc|ARM.Deploy.0 = Release|ARM
		{DF02CFC7-7476-4F92-AF40-063E276C63C9}.Ad-Hoc|iPhone.ActiveCfg = Release|x86
		{DF02CFC7-7476-4F92-AF40-063E276C63C9}.Ad-Hoc|iPhone.Build.0 = Release|x86
		{DF02CFC7-7476-4F92-AF40-063E276C63C9}.Ad-Hoc|iPhone.Deploy.0 = Release|x86
		{DF02CFC7-7476-4F92-AF40-063E276C63C9}.Ad-Hoc|iPhoneSimulator.ActiveCfg = Release|x86
		{DF02CFC7-7476-4F92-AF40-063E276C63C9}.Ad-Hoc|iPhoneSimulator.Build.0 = Release|x86
		{DF02CFC7-7476-4F92-AF40-063E276C63C9}.Ad-Hoc|iPhoneSimulator.Deploy.0 = Release|x86
		{DF02CFC7-7476-4F92-AF40-063E276C63C9}.Ad-Hoc|x64.ActiveCfg = Release|x64
		{DF02CFC7-7476-4F92-AF40-063E276C63C9}.Ad-Hoc|x64.Build.0 = Release|x64
		{DF02CFC7-7476-4F92-AF40-063E276C63C9}.Ad-Hoc|x64.Deploy.0 = Release|x64
		{DF02CFC7-7476-4F92-AF40-063E276C63C9}.Ad-Hoc|x86.ActiveCfg = Release|x86
		{DF02CFC7-7476-4F92-AF40-063E276C63C9}.Ad-Hoc|x86.Build.0 = Release|x86
		{DF02CFC7-7476-4F92-AF40-063E276C63C9}.Ad-Hoc|x86.Deploy.0 = Release|x86
		{DF02CFC7-7476-4F92-AF40-063E276C63C9}.AppStore|Any CPU.ActiveCfg = Release|x86
		{DF02CFC7-7476-4F92-AF40-063E276C63C9}.AppStore|Any CPU.Build.0 = Release|x86
		{DF02CFC7-7476-4F92-AF40-063E276C63C9}.AppStore|Any CPU.Deploy.0 = Release|x86
		{DF02CFC7-7476-4F92-AF40-063E276C63C9}.AppStore|ARM.ActiveCfg = Release|ARM
		{DF02CFC7-7476-4F92-AF40-063E276C63C9}.AppStore|ARM.Build.0 = Release|ARM
		{DF02CFC7-7476-4F92-AF40-063E276C63C9}.AppStore|ARM.Deploy.0 = Release|ARM
		{DF02CFC7-7476-4F92-AF40-063E276C63C9}.AppStore|iPhone.ActiveCfg = Release|x86
		{DF02CFC7-7476-4F92-AF40-063E276C63C9}.AppStore|iPhone.Build.0 = Release|x86
		{DF02CFC7-7476-4F92-AF40-063E276C63C9}.AppStore|iPhone.Deploy.0 = Release|x86
		{DF02CFC7-7476-4F92-AF40-063E276C63C9}.AppStore|iPhoneSimulator.ActiveCfg = Release|x86
		{DF02CFC7-7476-4F92-AF40-063E276C63C9}.AppStore|iPhoneSimulator.Build.0 = Release|x86
		{DF02CFC7-7476-4F92-AF40-063E276C63C9}.AppStore|iPhoneSimulator.Deploy.0 = Release|x86
		{DF02CFC7-7476-4F92-AF40-063E276C63C9}.AppStore|x64.ActiveCfg = Release|x64
		{DF02CFC7-7476-4F92-AF40-063E276C63C9}.AppStore|x64.Build.0 = Release|x64
		{DF02CFC7-7476-4F92-AF40-063E276C63C9}.AppStore|x64.Deploy.0 = Release|x64
		{DF02CFC7-7476-4F92-AF40-063E276C63C9}.AppStore|x86.ActiveCfg = Release|x86
		{DF02CFC7-7476-4F92-AF40-063E276C63C9}.AppStore|x86.Build.0 = Release|x86
		{DF02CFC7-7476-4F92-AF40-063E276C63C9}.AppStore|x86.Deploy.0 = Release|x86
		{DF02CFC7-7476-4F92-AF40-063E276C63C9}.Debug|Any CPU.ActiveCfg = Debug|x86
		{DF02CFC7-7476-4F92-AF40-063E276C63C9}.Debug|ARM.ActiveCfg = Debug|ARM
		{DF02CFC7-7476-4F92-AF40-063E276C63C9}.Debug|ARM.Build.0 = Debug|ARM
		{DF02CFC7-7476-4F92-AF40-063E276C63C9}.Debug|ARM.Deploy.0 = Debug|ARM
		{DF02CFC7-7476-4F92-AF40-063E276C63C9}.Debug|iPhone.ActiveCfg = Debug|x86
		{DF02CFC7-7476-4F92-AF40-063E276C63C9}.Debug|iPhoneSimulator.ActiveCfg = Debug|x86
		{DF02CFC7-7476-4F92-AF40-063E276C63C9}.Debug|x64.ActiveCfg = Debug|x64
		{DF02CFC7-7476-4F92-AF40-063E276C63C9}.Debug|x64.Build.0 = Debug|x64
		{DF02CFC7-7476-4F92-AF40-063E276C63C9}.Debug|x64.Deploy.0 = Debug|x64
		{DF02CFC7-7476-4F92-AF40-063E276C63C9}.Debug|x86.ActiveCfg = Debug|x86
		{DF02CFC7-7476-4F92-AF40-063E276C63C9}.Debug|x86.Build.0 = Debug|x86
		{DF02CFC7-7476-4F92-AF40-063E276C63C9}.Debug|x86.Deploy.0 = Debug|x86
		{DF02CFC7-7476-4F92-AF40-063E276C63C9}.Release|Any CPU.ActiveCfg = Release|x86
		{DF02CFC7-7476-4F92-AF40-063E276C63C9}.Release|ARM.ActiveCfg = Release|ARM
		{DF02CFC7-7476-4F92-AF40-063E276C63C9}.Release|ARM.Build.0 = Release|ARM
		{DF02CFC7-7476-4F92-AF40-063E276C63C9}.Release|ARM.Deploy.0 = Release|ARM
		{DF02CFC7-7476-4F92-AF40-063E276C63C9}.Release|iPhone.ActiveCfg = Release|x86
		{DF02CFC7-7476-4F92-AF40-063E276C63C9}.Release|iPhoneSimulator.ActiveCfg = Release|x86
		{DF02CFC7-7476-4F92-AF40-063E276C63C9}.Release|x64.ActiveCfg = Release|x64
		{DF02CFC7-7476-4F92-AF40-063E276C63C9}.Release|x64.Build.0 = Release|x64
		{DF02CFC7-7476-4F92-AF40-063E276C63C9}.Release|x64.Deploy.0 = Release|x64
		{DF02CFC7-7476-4F92-AF40-063E276C63C9}.Release|x86.ActiveCfg = Release|x86
		{DF02CFC7-7476-4F92-AF40-063E276C63C9}.Release|x86.Build.0 = Release|x86
		{DF02CFC7-7476-4F92-AF40-063E276C63C9}.Release|x86.Deploy.0 = Release|x86
		{9A235503-EBD6-4110-9B62-D29BADF57FA0}.Ad-Hoc|Any CPU.ActiveCfg = Release|Any CPU
		{9A235503-EBD6-4110-9B62-D29BADF57FA0}.Ad-Hoc|Any CPU.Build.0 = Release|Any CPU
		{9A235503-EBD6-4110-9B62-D29BADF57FA0}.Ad-Hoc|ARM.ActiveCfg = Release|Any CPU
		{9A235503-EBD6-4110-9B62-D29BADF57FA0}.Ad-Hoc|ARM.Build.0 = Release|Any CPU
		{9A235503-EBD6-4110-9B62-D29BADF57FA0}.Ad-Hoc|iPhone.ActiveCfg = Release|Any CPU
		{9A235503-EBD6-4110-9B62-D29BADF57FA0}.Ad-Hoc|iPhone.Build.0 = Release|Any CPU
		{9A235503-EBD6-4110-9B62-D29BADF57FA0}.Ad-Hoc|iPhoneSimulator.ActiveCfg = Release|Any CPU
		{9A235503-EBD6-4110-9B62-D29BADF57FA0}.Ad-Hoc|iPhoneSimulator.Build.0 = Release|Any CPU
		{9A235503-EBD6-4110-9B62-D29BADF57FA0}.Ad-Hoc|x64.ActiveCfg = Release|Any CPU
		{9A235503-EBD6-4110-9B62-D29BADF57FA0}.Ad-Hoc|x64.Build.0 = Release|Any CPU
		{9A235503-EBD6-4110-9B62-D29BADF57FA0}.Ad-Hoc|x86.ActiveCfg = Release|Any CPU
		{9A235503-EBD6-4110-9B62-D29BADF57FA0}.Ad-Hoc|x86.Build.0 = Release|Any CPU
		{9A235503-EBD6-4110-9B62-D29BADF57FA0}.AppStore|Any CPU.ActiveCfg = Release|Any CPU
		{9A235503-EBD6-4110-9B62-D29BADF57FA0}.AppStore|Any CPU.Build.0 = Release|Any CPU
		{9A235503-EBD6-4110-9B62-D29BADF57FA0}.AppStore|ARM.ActiveCfg = Release|Any CPU
		{9A235503-EBD6-4110-9B62-D29BADF57FA0}.AppStore|ARM.Build.0 = Release|Any CPU
		{9A235503-EBD6-4110-9B62-D29BADF57FA0}.AppStore|iPhone.ActiveCfg = Release|Any CPU
		{9A235503-EBD6-4110-9B62-D29BADF57FA0}.AppStore|iPhone.Build.0 = Release|Any CPU
		{9A235503-EBD6-4110-9B62-D29BADF57FA0}.AppStore|iPhoneSimulator.ActiveCfg = Release|Any CPU
		{9A235503-EBD6-4110-9B62-D29BADF57FA0}.AppStore|iPhoneSimulator.Build.0 = Release|Any CPU
		{9A235503-EBD6-4110-9B62-D29BADF57FA0}.AppStore|x64.ActiveCfg = Release|Any CPU
		{9A235503-EBD6-4110-9B62-D29BADF57FA0}.AppStore|x64.Build.0 = Release|Any CPU
		{9A235503-EBD6-4110-9B62-D29BADF57FA0}.AppStore|x86.ActiveCfg = Release|Any CPU
		{9A235503-EBD6-4110-9B62-D29BADF57FA0}.AppStore|x86.Build.0 = Release|Any CPU
		{9A235503-EBD6-4110-9B62-D29BADF57FA0}.Debug|Any CPU.ActiveCfg = Debug|Any CPU
		{9A235503-EBD6-4110-9B62-D29BADF57FA0}.Debug|Any CPU.Build.0 = Debug|Any CPU
		{9A235503-EBD6-4110-9B62-D29BADF57FA0}.Debug|ARM.ActiveCfg = Debug|Any CPU
		{9A235503-EBD6-4110-9B62-D29BADF57FA0}.Debug|ARM.Build.0 = Debug|Any CPU
		{9A235503-EBD6-4110-9B62-D29BADF57FA0}.Debug|iPhone.ActiveCfg = Debug|Any CPU
		{9A235503-EBD6-4110-9B62-D29BADF57FA0}.Debug|iPhone.Build.0 = Debug|Any CPU
		{9A235503-EBD6-4110-9B62-D29BADF57FA0}.Debug|iPhoneSimulator.ActiveCfg = Debug|Any CPU
		{9A235503-EBD6-4110-9B62-D29BADF57FA0}.Debug|iPhoneSimulator.Build.0 = Debug|Any CPU
		{9A235503-EBD6-4110-9B62-D29BADF57FA0}.Debug|x64.ActiveCfg = Debug|Any CPU
		{9A235503-EBD6-4110-9B62-D29BADF57FA0}.Debug|x64.Build.0 = Debug|Any CPU
		{9A235503-EBD6-4110-9B62-D29BADF57FA0}.Debug|x86.ActiveCfg = Debug|Any CPU
		{9A235503-EBD6-4110-9B62-D29BADF57FA0}.Debug|x86.Build.0 = Debug|Any CPU
		{9A235503-EBD6-4110-9B62-D29BADF57FA0}.Release|Any CPU.ActiveCfg = Release|Any CPU
		{9A235503-EBD6-4110-9B62-D29BADF57FA0}.Release|Any CPU.Build.0 = Release|Any CPU
		{9A235503-EBD6-4110-9B62-D29BADF57FA0}.Release|ARM.ActiveCfg = Release|Any CPU
		{9A235503-EBD6-4110-9B62-D29BADF57FA0}.Release|ARM.Build.0 = Release|Any CPU
		{9A235503-EBD6-4110-9B62-D29BADF57FA0}.Release|iPhone.ActiveCfg = Release|Any CPU
		{9A235503-EBD6-4110-9B62-D29BADF57FA0}.Release|iPhone.Build.0 = Release|Any CPU
		{9A235503-EBD6-4110-9B62-D29BADF57FA0}.Release|iPhoneSimulator.ActiveCfg = Release|Any CPU
		{9A235503-EBD6-4110-9B62-D29BADF57FA0}.Release|iPhoneSimulator.Build.0 = Release|Any CPU
		{9A235503-EBD6-4110-9B62-D29BADF57FA0}.Release|x64.ActiveCfg = Release|Any CPU
		{9A235503-EBD6-4110-9B62-D29BADF57FA0}.Release|x64.Build.0 = Release|Any CPU
		{9A235503-EBD6-4110-9B62-D29BADF57FA0}.Release|x86.ActiveCfg = Release|Any CPU
		{9A235503-EBD6-4110-9B62-D29BADF57FA0}.Release|x86.Build.0 = Release|Any CPU
	EndGlobalSection
	GlobalSection(SolutionProperties) = preSolution
		HideSolutionNode = FALSE
	EndGlobalSection
EndGlobal
